
Microsoft Visual Studio Solution File, Format Version 12.00
# Visual Studio Version 17
VisualStudioVersion = 17.14.36511.14
MinimumVisualStudioVersion = 10.0.40219.1
Project("{FAE04EC0-301F-11D3-BF4B-00C04F79EFBC}") = "SpeachToTextDemo", "SpeachToTextDemo.csproj", "{EB518FF6-80AC-48A7-94F4-CED34F9181A7}"
EndProject
Global
	GlobalSection(SolutionConfigurationPlatforms) = preSolution
		Debug|Any CPU = Debug|Any CPU
		Release|Any CPU = Release|Any CPU
	EndGlobalSection
	GlobalSection(ProjectConfigurationPlatforms) = postSolution
		{EB518FF6-80AC-48A7-94F4-CED34F9181A7}.Debug|Any CPU.ActiveCfg = Debug|Any CPU
		{EB518FF6-80AC-48A7-94F4-CED34F9181A7}.Debug|Any CPU.Build.0 = Debug|Any CPU
		{EB518FF6-80AC-48A7-94F4-CED34F9181A7}.Release|Any CPU.ActiveCfg = Release|Any CPU
		{EB518FF6-80AC-48A7-94F4-CED34F9181A7}.Release|Any CPU.Build.0 = Release|Any CPU
	EndGlobalSection
	GlobalSection(SolutionProperties) = preSolution
		HideSolutionNode = FALSE
	EndGlobalSection
	GlobalSection(ExtensibilityGlobals) = postSolution
		SolutionGuid = {C04FC531-55E5-423B-ABC6-7DF364C08011}
	EndGlobalSection
EndGlobal
